
Microsoft Visual Studio Solution File, Format Version 12.00
# Visual Studio 15
VisualStudioVersion = 15.0.27428.2015
MinimumVisualStudioVersion = 10.0.40219.1
Project("{888888A0-9F3D-457C-B088-3A5042F75D52}") = "opengl", "opengl.pyproj", "{501518E3-3B0B-4FDA-9D10-E39324B3C110}"
EndProject
Global
	GlobalSection(SolutionConfigurationPlatforms) = preSolution
		Debug|Any CPU = Debug|Any CPU
		Release|Any CPU = Release|Any CPU
	EndGlobalSection
	GlobalSection(ProjectConfigurationPlatforms) = postSolution
		{501518E3-3B0B-4FDA-9D10-E39324B3C110}.Debug|Any CPU.ActiveCfg = Debug|Any CPU
		{501518E3-3B0B-4FDA-9D10-E39324B3C110}.Release|Any CPU.ActiveCfg = Release|Any CPU
	EndGlobalSection
	GlobalSection(SolutionProperties) = preSolution
		HideSolutionNode = FALSE
	EndGlobalSection
	GlobalSection(ExtensibilityGlobals) = postSolution
		SolutionGuid = {7B93B120-00E3-4337-AEA8-DD61EFF70B85}
	EndGlobalSection
EndGlobal
